
Microsoft Visual Studio Solution File, Format Version 12.00
# Visual Studio Version 17
VisualStudioVersion = 17.4.33213.308
MinimumVisualStudioVersion = 10.0.40219.1
Project("{FAE04EC0-301F-11D3-BF4B-00C04F79EFBC}") = "crudWeb Martha24Bm", "crudWeb Martha24Bm\crudWeb Martha24Bm.csproj", "{D6F204C0-092E-4F5D-92C3-56772A1F0F4F}"
EndProject
Global
	GlobalSection(SolutionConfigurationPlatforms) = preSolution
		Debug|Any CPU = Debug|Any CPU
		Release|Any CPU = Release|Any CPU
	EndGlobalSection
	GlobalSection(ProjectConfigurationPlatforms) = postSolution
		{D6F204C0-092E-4F5D-92C3-56772A1F0F4F}.Debug|Any CPU.ActiveCfg = Debug|Any CPU
		{D6F204C0-092E-4F5D-92C3-56772A1F0F4F}.Debug|Any CPU.Build.0 = Debug|Any CPU
		{D6F204C0-092E-4F5D-92C3-56772A1F0F4F}.Release|Any CPU.ActiveCfg = Release|Any CPU
		{D6F204C0-092E-4F5D-92C3-56772A1F0F4F}.Release|Any CPU.Build.0 = Release|Any CPU
	EndGlobalSection
	GlobalSection(SolutionProperties) = preSolution
		HideSolutionNode = FALSE
	EndGlobalSection
	GlobalSection(ExtensibilityGlobals) = postSolution
		SolutionGuid = {0367DDA0-7415-466D-8A89-61E9C48B2640}
	EndGlobalSection
EndGlobal
